
Microsoft Visual Studio Solution File, Format Version 12.00
# Visual Studio 15
VisualStudioVersion = 15.0.28307.645
MinimumVisualStudioVersion = 10.0.40219.1
Project("{FAE04EC0-301F-11D3-BF4B-00C04F79EFBC}") = "ConvertImagesToPDF", "ConvertImagesToPDF\ConvertImagesToPDF.csproj", "{03D6F344-7D6D-421D-A215-C80A213613F5}"
EndProject
Project("{54435603-DBB4-11D2-8724-00A0C9A8B90C}") = "ToucanImagesToPDF", "ToucanImagesToPDF\ToucanImagesToPDF.vdproj", "{9FEDC173-50B0-4A4D-AA3B-739EB5AAA84F}"
EndProject
Global
	GlobalSection(SolutionConfigurationPlatforms) = preSolution
		Debug|Any CPU = Debug|Any CPU
		Release|Any CPU = Release|Any CPU
	EndGlobalSection
	GlobalSection(ProjectConfigurationPlatforms) = postSolution
		{03D6F344-7D6D-421D-A215-C80A213613F5}.Debug|Any CPU.ActiveCfg = Debug|Any CPU
		{03D6F344-7D6D-421D-A215-C80A213613F5}.Debug|Any CPU.Build.0 = Debug|Any CPU
		{03D6F344-7D6D-421D-A215-C80A213613F5}.Release|Any CPU.ActiveCfg = Release|Any CPU
		{03D6F344-7D6D-421D-A215-C80A213613F5}.Release|Any CPU.Build.0 = Release|Any CPU
		{9FEDC173-50B0-4A4D-AA3B-739EB5AAA84F}.Debug|Any CPU.ActiveCfg = Debug
		{9FEDC173-50B0-4A4D-AA3B-739EB5AAA84F}.Release|Any CPU.ActiveCfg = Release
	EndGlobalSection
	GlobalSection(SolutionProperties) = preSolution
		HideSolutionNode = FALSE
	EndGlobalSection
	GlobalSection(ExtensibilityGlobals) = postSolution
		SolutionGuid = {CDE4BFC3-AA02-4189-A2A3-9D941AEDC480}
	EndGlobalSection
EndGlobal
